
Microsoft Visual Studio Solution File, Format Version 12.00
# Visual Studio Version 16
VisualStudioVersion = 16.0.31702.278
MinimumVisualStudioVersion = 10.0.40219.1
Project("{9A19103F-16F7-4668-BE54-9A1E7A4F7556}") = "GlobalSqa.Framework", "GlobalSqa.Framework\GlobalSqa.Framework.csproj", "{9B61F606-5C3C-4393-9D9C-A3867A409BE8}"
EndProject
Project("{9A19103F-16F7-4668-BE54-9A1E7A4F7556}") = "GlobalSqa", "GlobalSqa\GlobalSqa.csproj", "{194C9D33-773C-4603-9C4D-C94BFFA001C9}"
EndProject
Project("{FAE04EC0-301F-11D3-BF4B-00C04F79EFBC}") = "GlobalSqa.Test", "GlobalSqa.Test\GlobalSqa.Test.csproj", "{BC3A4915-4D0F-4761-A069-4CA863A54515}"
EndProject
Global
	GlobalSection(SolutionConfigurationPlatforms) = preSolution
		Debug|Any CPU = Debug|Any CPU
		Release|Any CPU = Release|Any CPU
	EndGlobalSection
	GlobalSection(ProjectConfigurationPlatforms) = postSolution
		{9B61F606-5C3C-4393-9D9C-A3867A409BE8}.Debug|Any CPU.ActiveCfg = Debug|Any CPU
		{9B61F606-5C3C-4393-9D9C-A3867A409BE8}.Debug|Any CPU.Build.0 = Debug|Any CPU
		{9B61F606-5C3C-4393-9D9C-A3867A409BE8}.Release|Any CPU.ActiveCfg = Release|Any CPU
		{9B61F606-5C3C-4393-9D9C-A3867A409BE8}.Release|Any CPU.Build.0 = Release|Any CPU
		{194C9D33-773C-4603-9C4D-C94BFFA001C9}.Debug|Any CPU.ActiveCfg = Debug|Any CPU
		{194C9D33-773C-4603-9C4D-C94BFFA001C9}.Debug|Any CPU.Build.0 = Debug|Any CPU
		{194C9D33-773C-4603-9C4D-C94BFFA001C9}.Release|Any CPU.ActiveCfg = Release|Any CPU
		{194C9D33-773C-4603-9C4D-C94BFFA001C9}.Release|Any CPU.Build.0 = Release|Any CPU
		{BC3A4915-4D0F-4761-A069-4CA863A54515}.Debug|Any CPU.ActiveCfg = Debug|Any CPU
		{BC3A4915-4D0F-4761-A069-4CA863A54515}.Debug|Any CPU.Build.0 = Debug|Any CPU
		{BC3A4915-4D0F-4761-A069-4CA863A54515}.Release|Any CPU.ActiveCfg = Release|Any CPU
		{BC3A4915-4D0F-4761-A069-4CA863A54515}.Release|Any CPU.Build.0 = Release|Any CPU
	EndGlobalSection
	GlobalSection(SolutionProperties) = preSolution
		HideSolutionNode = FALSE
	EndGlobalSection
	GlobalSection(ExtensibilityGlobals) = postSolution
		SolutionGuid = {C94C5AF8-3FFB-4176-9C68-5DAA458333F0}
	EndGlobalSection
EndGlobal
